
Microsoft Visual Studio Solution File, Format Version 12.00
# Visual Studio Version 16
VisualStudioVersion = 16.0.31112.23
MinimumVisualStudioVersion = 10.0.40219.1
Project("{9A19103F-16F7-4668-BE54-9A1E7A4F7556}") = "ResultLab.Core", "ResultLab.Core\ResultLab.Core.csproj", "{F757F985-A286-4491-AFCE-D3D3FFD85673}"
EndProject
Project("{9A19103F-16F7-4668-BE54-9A1E7A4F7556}") = "ResultLab.Tests", "ResultLabTests\ResultLab.Tests.csproj", "{96301A95-267D-468E-854D-C2250A8A06D8}"
EndProject
Project("{9A19103F-16F7-4668-BE54-9A1E7A4F7556}") = "ResultLab.Api", "ResultLab.WebApi\ResultLab.Api.csproj", "{0CFE8C3D-769B-4741-A2AB-2A0BC379B06A}"
EndProject
Global
	GlobalSection(SolutionConfigurationPlatforms) = preSolution
		Debug|Any CPU = Debug|Any CPU
		Release|Any CPU = Release|Any CPU
	EndGlobalSection
	GlobalSection(ProjectConfigurationPlatforms) = postSolution
		{F757F985-A286-4491-AFCE-D3D3FFD85673}.Debug|Any CPU.ActiveCfg = Debug|Any CPU
		{F757F985-A286-4491-AFCE-D3D3FFD85673}.Debug|Any CPU.Build.0 = Debug|Any CPU
		{F757F985-A286-4491-AFCE-D3D3FFD85673}.Release|Any CPU.ActiveCfg = Release|Any CPU
		{F757F985-A286-4491-AFCE-D3D3FFD85673}.Release|Any CPU.Build.0 = Release|Any CPU
		{96301A95-267D-468E-854D-C2250A8A06D8}.Debug|Any CPU.ActiveCfg = Debug|Any CPU
		{96301A95-267D-468E-854D-C2250A8A06D8}.Debug|Any CPU.Build.0 = Debug|Any CPU
		{96301A95-267D-468E-854D-C2250A8A06D8}.Release|Any CPU.ActiveCfg = Release|Any CPU
		{96301A95-267D-468E-854D-C2250A8A06D8}.Release|Any CPU.Build.0 = Release|Any CPU
		{0CFE8C3D-769B-4741-A2AB-2A0BC379B06A}.Debug|Any CPU.ActiveCfg = Debug|Any CPU
		{0CFE8C3D-769B-4741-A2AB-2A0BC379B06A}.Debug|Any CPU.Build.0 = Debug|Any CPU
		{0CFE8C3D-769B-4741-A2AB-2A0BC379B06A}.Release|Any CPU.ActiveCfg = Release|Any CPU
		{0CFE8C3D-769B-4741-A2AB-2A0BC379B06A}.Release|Any CPU.Build.0 = Release|Any CPU
	EndGlobalSection
	GlobalSection(SolutionProperties) = preSolution
		HideSolutionNode = FALSE
	EndGlobalSection
	GlobalSection(ExtensibilityGlobals) = postSolution
		SolutionGuid = {0C771B21-2762-46AF-B6CA-EC3269D0B4DE}
	EndGlobalSection
EndGlobal
